
Microsoft Visual Studio Solution File, Format Version 12.00
# Visual Studio Version 17
VisualStudioVersion = 17.2.32630.192
MinimumVisualStudioVersion = 10.0.40219.1
Project("{FAE04EC0-301F-11D3-BF4B-00C04F79EFBC}") = "test", "test\test.csproj", "{BF2DB2AC-0EC5-49B0-84BE-A91491665F2A}"
EndProject
Global
	GlobalSection(SolutionConfigurationPlatforms) = preSolution
		Debug|Any CPU = Debug|Any CPU
		Release|Any CPU = Release|Any CPU
	EndGlobalSection
	GlobalSection(ProjectConfigurationPlatforms) = postSolution
		{BF2DB2AC-0EC5-49B0-84BE-A91491665F2A}.Debug|Any CPU.ActiveCfg = Debug|Any CPU
		{BF2DB2AC-0EC5-49B0-84BE-A91491665F2A}.Debug|Any CPU.Build.0 = Debug|Any CPU
		{BF2DB2AC-0EC5-49B0-84BE-A91491665F2A}.Release|Any CPU.ActiveCfg = Release|Any CPU
		{BF2DB2AC-0EC5-49B0-84BE-A91491665F2A}.Release|Any CPU.Build.0 = Release|Any CPU
	EndGlobalSection
	GlobalSection(SolutionProperties) = preSolution
		HideSolutionNode = FALSE
	EndGlobalSection
	GlobalSection(ExtensibilityGlobals) = postSolution
		SolutionGuid = {FAD3EBA3-1068-4DB7-BA81-3740976192B8}
	EndGlobalSection
EndGlobal
