
Microsoft Visual Studio Solution File, Format Version 12.00
# Visual Studio Version 17
VisualStudioVersion = 17.14.36705.20 d17.14
MinimumVisualStudioVersion = 10.0.40219.1
Project("{FAE04EC0-301F-11D3-BF4B-00C04F79EFBC}") = "demo", "demo.csproj", "{1FBB2D3E-67CE-494A-B4C5-B77DFAEF84CC}"
EndProject
Global
	GlobalSection(SolutionConfigurationPlatforms) = preSolution
		Debug|Any CPU = Debug|Any CPU
		Release|Any CPU = Release|Any CPU
	EndGlobalSection
	GlobalSection(ProjectConfigurationPlatforms) = postSolution
		{1FBB2D3E-67CE-494A-B4C5-B77DFAEF84CC}.Debug|Any CPU.ActiveCfg = Debug|Any CPU
		{1FBB2D3E-67CE-494A-B4C5-B77DFAEF84CC}.Debug|Any CPU.Build.0 = Debug|Any CPU
		{1FBB2D3E-67CE-494A-B4C5-B77DFAEF84CC}.Release|Any CPU.ActiveCfg = Release|Any CPU
		{1FBB2D3E-67CE-494A-B4C5-B77DFAEF84CC}.Release|Any CPU.Build.0 = Release|Any CPU
	EndGlobalSection
	GlobalSection(SolutionProperties) = preSolution
		HideSolutionNode = FALSE
	EndGlobalSection
	GlobalSection(ExtensibilityGlobals) = postSolution
		SolutionGuid = {CE6151EE-7424-4C4F-8BF6-00DF9E2E6A8C}
	EndGlobalSection
EndGlobal
