
Microsoft Visual Studio Solution File, Format Version 12.00
# Visual Studio Version 17
VisualStudioVersion = 17.14.36705.20 d17.14
MinimumVisualStudioVersion = 10.0.40219.1
Project("{FAE04EC0-301F-11D3-BF4B-00C04F79EFBC}") = "demo", "demo.csproj", "{759B9726-8515-4491-90F6-292655C7B13E}"
EndProject
Global
	GlobalSection(SolutionConfigurationPlatforms) = preSolution
		Debug|Any CPU = Debug|Any CPU
		Release|Any CPU = Release|Any CPU
	EndGlobalSection
	GlobalSection(ProjectConfigurationPlatforms) = postSolution
		{759B9726-8515-4491-90F6-292655C7B13E}.Debug|Any CPU.ActiveCfg = Debug|Any CPU
		{759B9726-8515-4491-90F6-292655C7B13E}.Debug|Any CPU.Build.0 = Debug|Any CPU
		{759B9726-8515-4491-90F6-292655C7B13E}.Release|Any CPU.ActiveCfg = Release|Any CPU
		{759B9726-8515-4491-90F6-292655C7B13E}.Release|Any CPU.Build.0 = Release|Any CPU
	EndGlobalSection
	GlobalSection(SolutionProperties) = preSolution
		HideSolutionNode = FALSE
	EndGlobalSection
	GlobalSection(ExtensibilityGlobals) = postSolution
		SolutionGuid = {66335DE7-0040-4202-800F-D4061B162A0B}
	EndGlobalSection
EndGlobal
